{
  "originHash" : "533de208f7207fdd36b99a2f0036707fca012c23defe0e4e99a820106aff336d",
  "pins" : [
    {
      "identity" : "designkit",
      "kind" : "remoteSourceControl",
      "location" : "https://github.com/dkicekeeper/DesignKit",
      "state" : {
        "revision" : "21b60f22d365b76e570a6209e838ea8559829d4f",
        "version" : "0.4.0"
      }
    },
    {
      "identity" : "purchases-ios-spm",
      "kind" : "remoteSourceControl",
      "location" : "https://github.com/RevenueCat/purchases-ios-spm.git",
      "state" : {
        "revision" : "629a56ecef190469914b8f0914bf0446363eb09f",
        "version" : "5.78.0"
      }
    }
  ],
  "version" : 3
}
