{
  "originHash" : "6e9c7ecf68240a64c78dd9e2a39f0f9d7851ef9966df2feed0a5ecccb4c1b2dc",
  "pins" : [
    {
      "identity" : "designkit",
      "kind" : "remoteSourceControl",
      "location" : "https://github.com/dkicekeeper/DesignKit",
      "state" : {
        "revision" : "b489450661e5e4fd70d6177934fcc9486bcfcd2e",
        "version" : "1.11.0"
      }
    },
    {
      "identity" : "purchases-ios-spm",
      "kind" : "remoteSourceControl",
      "location" : "https://github.com/RevenueCat/purchases-ios-spm.git",
      "state" : {
        "revision" : "629a56ecef190469914b8f0914bf0446363eb09f",
        "version" : "5.78.0"
      }
    }
  ],
  "version" : 3
}
