// !$*UTF8*$!
{
	archiveVersion = 1;
	classes = {
	};
	objectVersion = 77;
	objects = {

/* Begin PBXBuildFile section */
		AA0003002F477D4A0010A953 /* Inter-VariableFont_opsz,wght.ttf in Resources */ = {isa = PBXBuildFile; fileRef = AA0001002F477D4A0010A953 /* Inter-VariableFont_opsz,wght.ttf */; };
		AA0004002F477D4A0010A953 /* Inter-Italic-VariableFont_opsz,wght.ttf in Resources */ = {isa = PBXBuildFile; fileRef = AA0002002F477D4A0010A953 /* Inter-Italic-VariableFont_opsz,wght.ttf */; };
/* End PBXBuildFile section */

/* Begin PBXContainerItemProxy section */
		D62A099F2F0D7B0E004AF1FA /* PBXContainerItemProxy */ = {
			isa = PBXContainerItemProxy;
			containerPortal = D62A09892F0D7B0D004AF1FA /* Project object */;
			proxyType = 1;
			remoteGlobalIDString = D62A09902F0D7B0D004AF1FA;
			remoteInfo = Tenra;
		};
		D62A09A92F0D7B0E004AF1FA /* PBXContainerItemProxy */ = {
			isa = PBXContainerItemProxy;
			containerPortal = D62A09892F0D7B0D004AF1FA /* Project object */;
			proxyType = 1;
			remoteGlobalIDString = D62A09902F0D7B0D004AF1FA;
			remoteInfo = Tenra;
		};
/* End PBXContainerItemProxy section */

/* Begin PBXFileReference section */
		AA0001002F477D4A0010A953 /* Inter-VariableFont_opsz,wght.ttf */ = {isa = PBXFileReference; lastKnownFileType = file; path = "Inter-VariableFont_opsz,wght.ttf"; sourceTree = "<group>"; };
		AA0002002F477D4A0010A953 /* Inter-Italic-VariableFont_opsz,wght.ttf */ = {isa = PBXFileReference; lastKnownFileType = file; path = "Inter-Italic-VariableFont_opsz,wght.ttf"; sourceTree = "<group>"; };
		D62A09912F0D7B0D004AF1FA /* Tenra.app */ = {isa = PBXFileReference; explicitFileType = wrapper.application; includeInIndex = 0; path = Tenra.app; sourceTree = BUILT_PRODUCTS_DIR; };
		D62A099E2F0D7B0E004AF1FA /* TenraTests.xctest */ = {isa = PBXFileReference; explicitFileType = wrapper.cfbundle; includeInIndex = 0; path = TenraTests.xctest; sourceTree = BUILT_PRODUCTS_DIR; };
		D62A09A82F0D7B0E004AF1FA /* TenraUITests.xctest */ = {isa = PBXFileReference; explicitFileType = wrapper.cfbundle; includeInIndex = 0; path = TenraUITests.xctest; sourceTree = BUILT_PRODUCTS_DIR; };
/* End PBXFileReference section */

/* Begin PBXFileSystemSynchronizedBuildFileExceptionSet section */
		D6DFB38A2F0E6253005C3348 /* Exceptions for "Tenra" folder in "Tenra" target */ = {
			isa = PBXFileSystemSynchronizedBuildFileExceptionSet;
			membershipExceptions = (
				Info.plist,
			);
			target = D62A09902F0D7B0D004AF1FA /* Tenra */;
		};
/* End PBXFileSystemSynchronizedBuildFileExceptionSet section */

/* Begin PBXFileSystemSynchronizedRootGroup section */
		D62A09932F0D7B0D004AF1FA /* Tenra */ = {
			isa = PBXFileSystemSynchronizedRootGroup;
			exceptions = (
				D6DFB38A2F0E6253005C3348 /* Exceptions for "Tenra" folder in "Tenra" target */,
			);
			path = Tenra;
			sourceTree = "<group>";
		};
		D62A09A12F0D7B0E004AF1FA /* TenraTests */ = {
			isa = PBXFileSystemSynchronizedRootGroup;
			path = TenraTests;
			sourceTree = "<group>";
		};
		D62A09AB2F0D7B0E004AF1FA /* TenraUITests */ = {
			isa = PBXFileSystemSynchronizedRootGroup;
			path = TenraUITests;
			sourceTree = "<group>";
		};
/* End PBXFileSystemSynchronizedRootGroup section */

/* Begin PBXFrameworksBuildPhase section */
		D62A098E2F0D7B0D004AF1FA /* Frameworks */ = {
			isa = PBXFrameworksBuildPhase;
			buildActionMask = 2147483647;
			files = (
			);
			runOnlyForDeploymentPostprocessing = 0;
		};
		D62A099B2F0D7B0E004AF1FA /* Frameworks */ = {
			isa = PBXFrameworksBuildPhase;
			buildActionMask = 2147483647;
			files = (
			);
			runOnlyForDeploymentPostprocessing = 0;
		};
		D62A09A52F0D7B0E004AF1FA /* Frameworks */ = {
			isa = PBXFrameworksBuildPhase;
			buildActionMask = 2147483647;
			files = (
			);
			runOnlyForDeploymentPostprocessing = 0;
		};
/* End PBXFrameworksBuildPhase section */

/* Begin PBXGroup section */
		D62A09882F0D7B0D004AF1FA = {
			isa = PBXGroup;
			children = (
				D69F99D72F477D4A0010A953 /* Fonts */,
				D62A09932F0D7B0D004AF1FA /* Tenra */,
				D62A09A12F0D7B0E004AF1FA /* TenraTests */,
				D62A09AB2F0D7B0E004AF1FA /* TenraUITests */,
				D62A09922F0D7B0D004AF1FA /* Products */,
			);
			sourceTree = "<group>";
		};
		D62A09922F0D7B0D004AF1FA /* Products */ = {
			isa = PBXGroup;
			children = (
				D62A09912F0D7B0D004AF1FA /* Tenra.app */,
				D62A099E2F0D7B0E004AF1FA /* TenraTests.xctest */,
				D62A09A82F0D7B0E004AF1FA /* TenraUITests.xctest */,
			);
			name = Products;
			sourceTree = "<group>";
		};
		D69F99D72F477D4A0010A953 /* Fonts */ = {
			isa = PBXGroup;
			children = (
				AA0001002F477D4A0010A953 /* Inter-VariableFont_opsz,wght.ttf */,
				AA0002002F477D4A0010A953 /* Inter-Italic-VariableFont_opsz,wght.ttf */,
			);
			path = Fonts;
			sourceTree = "<group>";
		};
/* End PBXGroup section */

/* Begin PBXNativeTarget section */
		D62A09902F0D7B0D004AF1FA /* Tenra */ = {
			isa = PBXNativeTarget;
			buildConfigurationList = D62A09B22F0D7B0E004AF1FA /* Build configuration list for PBXNativeTarget "Tenra" */;
			buildPhases = (
				D62A098D2F0D7B0D004AF1FA /* Sources */,
				D62A098E2F0D7B0D004AF1FA /* Frameworks */,
				D62A098F2F0D7B0D004AF1FA /* Resources */,
			);
			buildRules = (
			);
			dependencies = (
			);
			fileSystemSynchronizedGroups = (
				D62A09932F0D7B0D004AF1FA /* Tenra */,
			);
			name = Tenra;
			packageProductDependencies = (
			);
			productName = Tenra;
			productReference = D62A09912F0D7B0D004AF1FA /* Tenra.app */;
			productType = "com.apple.product-type.application";
		};
		D62A099D2F0D7B0E004AF1FA /* TenraTests */ = {
			isa = PBXNativeTarget;
			buildConfigurationList = D62A09B52F0D7B0E004AF1FA /* Build configuration list for PBXNativeTarget "TenraTests" */;
			buildPhases = (
				D62A099A2F0D7B0E004AF1FA /* Sources */,
				D62A099B2F0D7B0E004AF1FA /* Frameworks */,
				D62A099C2F0D7B0E004AF1FA /* Resources */,
			);
			buildRules = (
			);
			dependencies = (
				D62A09A02F0D7B0E004AF1FA /* PBXTargetDependency */,
			);
			fileSystemSynchronizedGroups = (
				D62A09A12F0D7B0E004AF1FA /* TenraTests */,
			);
			name = TenraTests;
			packageProductDependencies = (
			);
			productName = TenraTests;
			productReference = D62A099E2F0D7B0E004AF1FA /* TenraTests.xctest */;
			productType = "com.apple.product-type.bundle.unit-test";
		};
		D62A09A72F0D7B0E004AF1FA /* TenraUITests */ = {
			isa = PBXNativeTarget;
			buildConfigurationList = D62A09B82F0D7B0E004AF1FA /* Build configuration list for PBXNativeTarget "TenraUITests" */;
			buildPhases = (
				D62A09A42F0D7B0E004AF1FA /* Sources */,
				D62A09A52F0D7B0E004AF1FA /* Frameworks */,
				D62A09A62F0D7B0E004AF1FA /* Resources */,
			);
			buildRules = (
			);
			dependencies = (
				D62A09AA2F0D7B0E004AF1FA /* PBXTargetDependency */,
			);
			fileSystemSynchronizedGroups = (
				D62A09AB2F0D7B0E004AF1FA /* TenraUITests */,
			);
			name = TenraUITests;
			packageProductDependencies = (
			);
			productName = TenraUITests;
			productReference = D62A09A82F0D7B0E004AF1FA /* TenraUITests.xctest */;
			productType = "com.apple.product-type.bundle.ui-testing";
		};
/* End PBXNativeTarget section */

/* Begin PBXProject section */
		D62A09892F0D7B0D004AF1FA /* Project object */ = {
			isa = PBXProject;
			attributes = {
				BuildIndependentTargetsInParallel = 1;
				LastSwiftUpdateCheck = 2620;
				LastUpgradeCheck = 2620;
				TargetAttributes = {
					D62A09902F0D7B0D004AF1FA = {
						CreatedOnToolsVersion = 26.2;
					};
					D62A099D2F0D7B0E004AF1FA = {
						CreatedOnToolsVersion = 26.2;
						TestTargetID = D62A09902F0D7B0D004AF1FA;
					};
					D62A09A72F0D7B0E004AF1FA = {
						CreatedOnToolsVersion = 26.2;
						TestTargetID = D62A09902F0D7B0D004AF1FA;
					};
				};
			};
			buildConfigurationList = D62A098C2F0D7B0D004AF1FA /* Build configuration list for PBXProject "Tenra" */;
			developmentRegion = en;
			hasScannedForEncodings = 0;
			knownRegions = (
				en,
				Base,
				ru,
			);
			mainGroup = D62A09882F0D7B0D004AF1FA;
			minimizedProjectReferenceProxies = 1;
			preferredProjectObjectVersion = 77;
			productRefGroup = D62A09922F0D7B0D004AF1FA /* Products */;
			projectDirPath = "";
			projectRoot = "";
			targets = (
				D62A09902F0D7B0D004AF1FA /* Tenra */,
				D62A099D2F0D7B0E004AF1FA /* TenraTests */,
				D62A09A72F0D7B0E004AF1FA /* TenraUITests */,
			);
		};
/* End PBXProject section */

/* Begin PBXResourcesBuildPhase section */
		D62A098F2F0D7B0D004AF1FA /* Resources */ = {
			isa = PBXResourcesBuildPhase;
			buildActionMask = 2147483647;
			files = (
				AA0003002F477D4A0010A953 /* Inter-VariableFont_opsz,wght.ttf in Resources */,
				AA0004002F477D4A0010A953 /* Inter-Italic-VariableFont_opsz,wght.ttf in Resources */,
			);
			runOnlyForDeploymentPostprocessing = 0;
		};
		D62A099C2F0D7B0E004AF1FA /* Resources */ = {
			isa = PBXResourcesBuildPhase;
			buildActionMask = 2147483647;
			files = (
			);
			runOnlyForDeploymentPostprocessing = 0;
		};
		D62A09A62F0D7B0E004AF1FA /* Resources */ = {
			isa = PBXResourcesBuildPhase;
			buildActionMask = 2147483647;
			files = (
			);
			runOnlyForDeploymentPostprocessing = 0;
		};
/* End PBXResourcesBuildPhase section */

/* Begin PBXSourcesBuildPhase section */
		D62A098D2F0D7B0D004AF1FA /* Sources */ = {
			isa = PBXSourcesBuildPhase;
			buildActionMask = 2147483647;
			files = (
			);
			runOnlyForDeploymentPostprocessing = 0;
		};
		D62A099A2F0D7B0E004AF1FA /* Sources */ = {
			isa = PBXSourcesBuildPhase;
			buildActionMask = 2147483647;
			files = (
			);
			runOnlyForDeploymentPostprocessing = 0;
		};
		D62A09A42F0D7B0E004AF1FA /* Sources */ = {
			isa = PBXSourcesBuildPhase;
			buildActionMask = 2147483647;
			files = (
			);
			runOnlyForDeploymentPostprocessing = 0;
		};
/* End PBXSourcesBuildPhase section */

/* Begin PBXTargetDependency section */
		D62A09A02F0D7B0E004AF1FA /* PBXTargetDependency */ = {
			isa = PBXTargetDependency;
			target = D62A09902F0D7B0D004AF1FA /* Tenra */;
			targetProxy = D62A099F2F0D7B0E004AF1FA /* PBXContainerItemProxy */;
		};
		D62A09AA2F0D7B0E004AF1FA /* PBXTargetDependency */ = {
			isa = PBXTargetDependency;
			target = D62A09902F0D7B0D004AF1FA /* Tenra */;
			targetProxy = D62A09A92F0D7B0E004AF1FA /* PBXContainerItemProxy */;
		};
/* End PBXTargetDependency section */

/* Begin XCBuildConfiguration section */
		D62A09B02F0D7B0E004AF1FA /* Debug */ = {
			isa = XCBuildConfiguration;
			buildSettings = {
				ALWAYS_SEARCH_USER_PATHS = NO;
				ASSETCATALOG_COMPILER_GENERATE_SWIFT_ASSET_SYMBOL_EXTENSIONS = YES;
				CLANG_ANALYZER_NONNULL = YES;
				CLANG_ANALYZER_NUMBER_OBJECT_CONVERSION = YES_AGGRESSIVE;
				CLANG_CXX_LANGUAGE_STANDARD = "gnu++20";
				CLANG_ENABLE_MODULES = YES;
				CLANG_ENABLE_OBJC_ARC = YES;
				CLANG_ENABLE_OBJC_WEAK = YES;
				CLANG_WARN_BLOCK_CAPTURE_AUTORELEASING = YES;
				CLANG_WARN_BOOL_CONVERSION = YES;
				CLANG_WARN_COMMA = YES;
				CLANG_WARN_CONSTANT_CONVERSION = YES;
				CLANG_WARN_DEPRECATED_OBJC_IMPLEMENTATIONS = YES;
				CLANG_WARN_DIRECT_OBJC_ISA_USAGE = YES_ERROR;
				CLANG_WARN_DOCUMENTATION_COMMENTS = YES;
				CLANG_WARN_EMPTY_BODY = YES;
				CLANG_WARN_ENUM_CONVERSION = YES;
				CLANG_WARN_INFINITE_RECURSION = YES;
				CLANG_WARN_INT_CONVERSION = YES;
				CLANG_WARN_NON_LITERAL_NULL_CONVERSION = YES;
				CLANG_WARN_OBJC_IMPLICIT_RETAIN_SELF = YES;
				CLANG_WARN_OBJC_LITERAL_CONVERSION = YES;
				CLANG_WARN_OBJC_ROOT_CLASS = YES_ERROR;
				CLANG_WARN_QUOTED_INCLUDE_IN_FRAMEWORK_HEADER = YES;
				CLANG_WARN_RANGE_LOOP_ANALYSIS = YES;
				CLANG_WARN_STRICT_PROTOTYPES = YES;
				CLANG_WARN_SUSPICIOUS_MOVE = YES;
				CLANG_WARN_UNGUARDED_AVAILABILITY = YES_AGGRESSIVE;
				CLANG_WARN_UNREACHABLE_CODE = YES;
				CLANG_WARN__DUPLICATE_METHOD_MATCH = YES;
				COPY_PHASE_STRIP = NO;
				DEBUG_INFORMATION_FORMAT = dwarf;
				ENABLE_STRICT_OBJC_MSGSEND = YES;
				ENABLE_TESTABILITY = YES;
				ENABLE_USER_SCRIPT_SANDBOXING = YES;
				GCC_C_LANGUAGE_STANDARD = gnu17;
				GCC_DYNAMIC_NO_PIC = NO;
				GCC_NO_COMMON_BLOCKS = YES;
				GCC_OPTIMIZATION_LEVEL = 0;
				GCC_PREPROCESSOR_DEFINITIONS = (
					"DEBUG=1",
					"$(inherited)",
				);
				GCC_WARN_64_TO_32_BIT_CONVERSION = YES;
				GCC_WARN_ABOUT_RETURN_TYPE = YES_ERROR;
				GCC_WARN_UNDECLARED_SELECTOR = YES;
				GCC_WARN_UNINITIALIZED_AUTOS = YES_AGGRESSIVE;
				GCC_WARN_UNUSED_FUNCTION = YES;
				GCC_WARN_UNUSED_VARIABLE = YES;
				IPHONEOS_DEPLOYMENT_TARGET = 17.0;
				LOCALIZATION_PREFERS_STRING_CATALOGS = YES;
				MTL_ENABLE_DEBUG_INFO = INCLUDE_SOURCE;
				MTL_FAST_MATH = YES;
				ONLY_ACTIVE_ARCH = YES;
				SDKROOT = iphoneos;
				SWIFT_ACTIVE_COMPILATION_CONDITIONS = "DEBUG $(inherited)";
				SWIFT_OPTIMIZATION_LEVEL = "-Onone";
			};
			name = Debug;
		};
		D62A09B12F0D7B0E004AF1FA /* Release */ = {
			isa = XCBuildConfiguration;
			buildSettings = {
				ALWAYS_SEARCH_USER_PATHS = NO;
				ASSETCATALOG_COMPILER_GENERATE_SWIFT_ASSET_SYMBOL_EXTENSIONS = YES;
				CLANG_ANALYZER_NONNULL = YES;
				CLANG_ANALYZER_NUMBER_OBJECT_CONVERSION = YES_AGGRESSIVE;
				CLANG_CXX_LANGUAGE_STANDARD = "gnu++20";
				CLANG_ENABLE_MODULES = YES;
				CLANG_ENABLE_OBJC_ARC = YES;
				CLANG_ENABLE_OBJC_WEAK = YES;
				CLANG_WARN_BLOCK_CAPTURE_AUTORELEASING = YES;
				CLANG_WARN_BOOL_CONVERSION = YES;
				CLANG_WARN_COMMA = YES;
				CLANG_WARN_CONSTANT_CONVERSION = YES;
				CLANG_WARN_DEPRECATED_OBJC_IMPLEMENTATIONS = YES;
				CLANG_WARN_DIRECT_OBJC_ISA_USAGE = YES_ERROR;
				CLANG_WARN_DOCUMENTATION_COMMENTS = YES;
				CLANG_WARN_EMPTY_BODY = YES;
				CLANG_WARN_ENUM_CONVERSION = YES;
				CLANG_WARN_INFINITE_RECURSION = YES;
				CLANG_WARN_INT_CONVERSION = YES;
				CLANG_WARN_NON_LITERAL_NULL_CONVERSION = YES;
				CLANG_WARN_OBJC_IMPLICIT_RETAIN_SELF = YES;
				CLANG_WARN_OBJC_LITERAL_CONVERSION = YES;
				CLANG_WARN_OBJC_ROOT_CLASS = YES_ERROR;
				CLANG_WARN_QUOTED_INCLUDE_IN_FRAMEWORK_HEADER = YES;
				CLANG_WARN_RANGE_LOOP_ANALYSIS = YES;
				CLANG_WARN_STRICT_PROTOTYPES = YES;
				CLANG_WARN_SUSPICIOUS_MOVE = YES;
				CLANG_WARN_UNGUARDED_AVAILABILITY = YES_AGGRESSIVE;
				CLANG_WARN_UNREACHABLE_CODE = YES;
				CLANG_WARN__DUPLICATE_METHOD_MATCH = YES;
				COPY_PHASE_STRIP = NO;
				DEBUG_INFORMATION_FORMAT = "dwarf-with-dsym";
				ENABLE_NS_ASSERTIONS = NO;
				ENABLE_STRICT_OBJC_MSGSEND = YES;
				ENABLE_USER_SCRIPT_SANDBOXING = YES;
				GCC_C_LANGUAGE_STANDARD = gnu17;
				GCC_NO_COMMON_BLOCKS = YES;
				GCC_WARN_64_TO_32_BIT_CONVERSION = YES;
				GCC_WARN_ABOUT_RETURN_TYPE = YES_ERROR;
				GCC_WARN_UNDECLARED_SELECTOR = YES;
				GCC_WARN_UNINITIALIZED_AUTOS = YES_AGGRESSIVE;
				GCC_WARN_UNUSED_FUNCTION = YES;
				GCC_WARN_UNUSED_VARIABLE = YES;
				IPHONEOS_DEPLOYMENT_TARGET = 17.0;
				LOCALIZATION_PREFERS_STRING_CATALOGS = YES;
				MTL_ENABLE_DEBUG_INFO = NO;
				MTL_FAST_MATH = YES;
				SDKROOT = iphoneos;
				SWIFT_COMPILATION_MODE = wholemodule;
				VALIDATE_PRODUCT = YES;
			};
			name = Release;
		};
		D62A09B32F0D7B0E004AF1FA /* Debug */ = {
			isa = XCBuildConfiguration;
			buildSettings = {
				ASSETCATALOG_COMPILER_APPICON_NAME = AppIcon;
				ASSETCATALOG_COMPILER_GLOBAL_ACCENT_COLOR_NAME = AccentColor;
				CODE_SIGN_STYLE = Automatic;
				CURRENT_PROJECT_VERSION = 1;
				DEVELOPMENT_TEAM = SY2L2VMQP7;
				ENABLE_PREVIEWS = YES;
				GENERATE_INFOPLIST_FILE = NO;
				INFOPLIST_FILE = Tenra/Info.plist;
				INFOPLIST_KEY_UIApplicationSceneManifest_Generation = YES;
				INFOPLIST_KEY_UIApplicationSupportsIndirectInputEvents = YES;
				INFOPLIST_KEY_UISupportedInterfaceOrientations_iPad = "UIInterfaceOrientationPortrait UIInterfaceOrientationPortraitUpsideDown UIInterfaceOrientationLandscapeLeft UIInterfaceOrientationLandscapeRight";
				INFOPLIST_KEY_UISupportedInterfaceOrientations_iPhone = "UIInterfaceOrientationPortrait UIInterfaceOrientationLandscapeLeft UIInterfaceOrientationLandscapeRight";
				IPHONEOS_DEPLOYMENT_TARGET = 26.0;
				LD_RUNPATH_SEARCH_PATHS = (
					"$(inherited)",
					"@executable_path/Frameworks",
				);
				MARKETING_VERSION = 1.0;
				PRODUCT_BUNDLE_IDENTIFIER = dakacom.Tenra;
				PRODUCT_NAME = "$(TARGET_NAME)";
				STRING_CATALOG_GENERATE_SYMBOLS = YES;
				SWIFT_DEFAULT_ACTOR_ISOLATION = MainActor;
				SWIFT_EMIT_LOC_STRINGS = YES;
				SWIFT_STRICT_CONCURRENCY = minimal;
				SWIFT_UPCOMING_FEATURE_MEMBER_IMPORT_VISIBILITY = YES;
				SWIFT_VERSION = 5.0;
				TARGETED_DEVICE_FAMILY = "1,2";
			};
			name = Debug;
		};
		D62A09B42F0D7B0E004AF1FA /* Release */ = {
			isa = XCBuildConfiguration;
			buildSettings = {
				ASSETCATALOG_COMPILER_APPICON_NAME = AppIcon;
				ASSETCATALOG_COMPILER_GLOBAL_ACCENT_COLOR_NAME = AccentColor;
				CODE_SIGN_STYLE = Automatic;
				CURRENT_PROJECT_VERSION = 1;
				DEVELOPMENT_TEAM = SY2L2VMQP7;
				ENABLE_PREVIEWS = YES;
				GENERATE_INFOPLIST_FILE = NO;
				INFOPLIST_FILE = Tenra/Info.plist;
				INFOPLIST_KEY_UIApplicationSceneManifest_Generation = YES;
				INFOPLIST_KEY_UIApplicationSupportsIndirectInputEvents = YES;
				INFOPLIST_KEY_UISupportedInterfaceOrientations_iPad = "UIInterfaceOrientationPortrait UIInterfaceOrientationPortraitUpsideDown UIInterfaceOrientationLandscapeLeft UIInterfaceOrientationLandscapeRight";
				INFOPLIST_KEY_UISupportedInterfaceOrientations_iPhone = "UIInterfaceOrientationPortrait UIInterfaceOrientationLandscapeLeft UIInterfaceOrientationLandscapeRight";
				IPHONEOS_DEPLOYMENT_TARGET = 26.0;
				LD_RUNPATH_SEARCH_PATHS = (
					"$(inherited)",
					"@executable_path/Frameworks",
				);
				MARKETING_VERSION = 1.0;
				PRODUCT_BUNDLE_IDENTIFIER = dakacom.Tenra;
				PRODUCT_NAME = "$(TARGET_NAME)";
				STRING_CATALOG_GENERATE_SYMBOLS = YES;
				SWIFT_DEFAULT_ACTOR_ISOLATION = MainActor;
				SWIFT_EMIT_LOC_STRINGS = YES;
				SWIFT_STRICT_CONCURRENCY = minimal;
				SWIFT_UPCOMING_FEATURE_MEMBER_IMPORT_VISIBILITY = YES;
				SWIFT_VERSION = 5.0;
				TARGETED_DEVICE_FAMILY = "1,2";
			};
			name = Release;
		};
		D62A09B62F0D7B0E004AF1FA /* Debug */ = {
			isa = XCBuildConfiguration;
			buildSettings = {
				BUNDLE_LOADER = "$(TEST_HOST)";
				CODE_SIGN_STYLE = Automatic;
				CURRENT_PROJECT_VERSION = 1;
				DEVELOPMENT_TEAM = SY2L2VMQP7;
				GENERATE_INFOPLIST_FILE = YES;
				IPHONEOS_DEPLOYMENT_TARGET = 26.0;
				MARKETING_VERSION = 1.0;
				PRODUCT_BUNDLE_IDENTIFIER = dakacom.TenraTests;
				PRODUCT_NAME = "$(TARGET_NAME)";
				STRING_CATALOG_GENERATE_SYMBOLS = NO;
				SWIFT_EMIT_LOC_STRINGS = NO;
				SWIFT_STRICT_CONCURRENCY = targeted;
				SWIFT_UPCOMING_FEATURE_MEMBER_IMPORT_VISIBILITY = YES;
				SWIFT_VERSION = 5.0;
				TARGETED_DEVICE_FAMILY = "1,2";
				TEST_HOST = "$(BUILT_PRODUCTS_DIR)/Tenra.app/$(BUNDLE_EXECUTABLE_FOLDER_PATH)/Tenra";
			};
			name = Debug;
		};
		D62A09B72F0D7B0E004AF1FA /* Release */ = {
			isa = XCBuildConfiguration;
			buildSettings = {
				BUNDLE_LOADER = "$(TEST_HOST)";
				CODE_SIGN_STYLE = Automatic;
				CURRENT_PROJECT_VERSION = 1;
				DEVELOPMENT_TEAM = SY2L2VMQP7;
				GENERATE_INFOPLIST_FILE = YES;
				IPHONEOS_DEPLOYMENT_TARGET = 26.0;
				MARKETING_VERSION = 1.0;
				PRODUCT_BUNDLE_IDENTIFIER = dakacom.TenraTests;
				PRODUCT_NAME = "$(TARGET_NAME)";
				STRING_CATALOG_GENERATE_SYMBOLS = NO;
				SWIFT_EMIT_LOC_STRINGS = NO;
				SWIFT_STRICT_CONCURRENCY = targeted;
				SWIFT_UPCOMING_FEATURE_MEMBER_IMPORT_VISIBILITY = YES;
				SWIFT_VERSION = 5.0;
				TARGETED_DEVICE_FAMILY = "1,2";
				TEST_HOST = "$(BUILT_PRODUCTS_DIR)/Tenra.app/$(BUNDLE_EXECUTABLE_FOLDER_PATH)/Tenra";
			};
			name = Release;
		};
		D62A09B92F0D7B0E004AF1FA /* Debug */ = {
			isa = XCBuildConfiguration;
			buildSettings = {
				CODE_SIGN_STYLE = Automatic;
				CURRENT_PROJECT_VERSION = 1;
				DEVELOPMENT_TEAM = SY2L2VMQP7;
				GENERATE_INFOPLIST_FILE = YES;
				IPHONEOS_DEPLOYMENT_TARGET = 26.0;
				MARKETING_VERSION = 1.0;
				PRODUCT_BUNDLE_IDENTIFIER = dakacom.TenraUITests;
				PRODUCT_NAME = "$(TARGET_NAME)";
				STRING_CATALOG_GENERATE_SYMBOLS = NO;
				SWIFT_EMIT_LOC_STRINGS = NO;
				SWIFT_STRICT_CONCURRENCY = targeted;
				SWIFT_UPCOMING_FEATURE_MEMBER_IMPORT_VISIBILITY = YES;
				SWIFT_VERSION = 5.0;
				TARGETED_DEVICE_FAMILY = "1,2";
				TEST_TARGET_NAME = Tenra;
			};
			name = Debug;
		};
		D62A09BA2F0D7B0E004AF1FA /* Release */ = {
			isa = XCBuildConfiguration;
			buildSettings = {
				CODE_SIGN_STYLE = Automatic;
				CURRENT_PROJECT_VERSION = 1;
				DEVELOPMENT_TEAM = SY2L2VMQP7;
				GENERATE_INFOPLIST_FILE = YES;
				IPHONEOS_DEPLOYMENT_TARGET = 26.0;
				MARKETING_VERSION = 1.0;
				PRODUCT_BUNDLE_IDENTIFIER = dakacom.TenraUITests;
				PRODUCT_NAME = "$(TARGET_NAME)";
				STRING_CATALOG_GENERATE_SYMBOLS = NO;
				SWIFT_EMIT_LOC_STRINGS = NO;
				SWIFT_STRICT_CONCURRENCY = targeted;
				SWIFT_UPCOMING_FEATURE_MEMBER_IMPORT_VISIBILITY = YES;
				SWIFT_VERSION = 5.0;
				TARGETED_DEVICE_FAMILY = "1,2";
				TEST_TARGET_NAME = Tenra;
			};
			name = Release;
		};
/* End XCBuildConfiguration section */

/* Begin XCConfigurationList section */
		D62A098C2F0D7B0D004AF1FA /* Build configuration list for PBXProject "Tenra" */ = {
			isa = XCConfigurationList;
			buildConfigurations = (
				D62A09B02F0D7B0E004AF1FA /* Debug */,
				D62A09B12F0D7B0E004AF1FA /* Release */,
			);
			defaultConfigurationIsVisible = 0;
			defaultConfigurationName = Release;
		};
		D62A09B22F0D7B0E004AF1FA /* Build configuration list for PBXNativeTarget "Tenra" */ = {
			isa = XCConfigurationList;
			buildConfigurations = (
				D62A09B32F0D7B0E004AF1FA /* Debug */,
				D62A09B42F0D7B0E004AF1FA /* Release */,
			);
			defaultConfigurationIsVisible = 0;
			defaultConfigurationName = Release;
		};
		D62A09B52F0D7B0E004AF1FA /* Build configuration list for PBXNativeTarget "TenraTests" */ = {
			isa = XCConfigurationList;
			buildConfigurations = (
				D62A09B62F0D7B0E004AF1FA /* Debug */,
				D62A09B72F0D7B0E004AF1FA /* Release */,
			);
			defaultConfigurationIsVisible = 0;
			defaultConfigurationName = Release;
		};
		D62A09B82F0D7B0E004AF1FA /* Build configuration list for PBXNativeTarget "TenraUITests" */ = {
			isa = XCConfigurationList;
			buildConfigurations = (
				D62A09B92F0D7B0E004AF1FA /* Debug */,
				D62A09BA2F0D7B0E004AF1FA /* Release */,
			);
			defaultConfigurationIsVisible = 0;
			defaultConfigurationName = Release;
		};
/* End XCConfigurationList section */
	};
	rootObject = D62A09892F0D7B0D004AF1FA /* Project object */;
}
